
Microsoft Visual Studio Solution File, Format Version 12.00
# Visual Studio Version 16
VisualStudioVersion = 16.0.29201.188
MinimumVisualStudioVersion = 10.0.40219.1
Project("{FAE04EC0-301F-11D3-BF4B-00C04F79EFBC}") = "20211110_tengerszint", "20211110_tengerszint\20211110_tengerszint.csproj", "{7F775520-E6C1-4217-BB8C-0F0795604E6E}"
EndProject
Global
	GlobalSection(SolutionConfigurationPlatforms) = preSolution
		Debug|Any CPU = Debug|Any CPU
		Release|Any CPU = Release|Any CPU
	EndGlobalSection
	GlobalSection(ProjectConfigurationPlatforms) = postSolution
		{7F775520-E6C1-4217-BB8C-0F0795604E6E}.Debug|Any CPU.ActiveCfg = Debug|Any CPU
		{7F775520-E6C1-4217-BB8C-0F0795604E6E}.Debug|Any CPU.Build.0 = Debug|Any CPU
		{7F775520-E6C1-4217-BB8C-0F0795604E6E}.Release|Any CPU.ActiveCfg = Release|Any CPU
		{7F775520-E6C1-4217-BB8C-0F0795604E6E}.Release|Any CPU.Build.0 = Release|Any CPU
	EndGlobalSection
	GlobalSection(SolutionProperties) = preSolution
		HideSolutionNode = FALSE
	EndGlobalSection
	GlobalSection(ExtensibilityGlobals) = postSolution
		SolutionGuid = {0B056D8F-C40E-408A-98CC-87BABB0DC5BB}
	EndGlobalSection
EndGlobal
