
Microsoft Visual Studio Solution File, Format Version 12.00
# Visual Studio Version 16
VisualStudioVersion = 16.0.29201.188
MinimumVisualStudioVersion = 10.0.40219.1
Project("{FAE04EC0-301F-11D3-BF4B-00C04F79EFBC}") = "20211007", "20211007\20211007.csproj", "{B4116FA4-8498-4FD7-805E-60CB04A2A0CF}"
EndProject
Global
	GlobalSection(SolutionConfigurationPlatforms) = preSolution
		Debug|Any CPU = Debug|Any CPU
		Release|Any CPU = Release|Any CPU
	EndGlobalSection
	GlobalSection(ProjectConfigurationPlatforms) = postSolution
		{B4116FA4-8498-4FD7-805E-60CB04A2A0CF}.Debug|Any CPU.ActiveCfg = Debug|Any CPU
		{B4116FA4-8498-4FD7-805E-60CB04A2A0CF}.Debug|Any CPU.Build.0 = Debug|Any CPU
		{B4116FA4-8498-4FD7-805E-60CB04A2A0CF}.Release|Any CPU.ActiveCfg = Release|Any CPU
		{B4116FA4-8498-4FD7-805E-60CB04A2A0CF}.Release|Any CPU.Build.0 = Release|Any CPU
	EndGlobalSection
	GlobalSection(SolutionProperties) = preSolution
		HideSolutionNode = FALSE
	EndGlobalSection
	GlobalSection(ExtensibilityGlobals) = postSolution
		SolutionGuid = {F48B4348-AAE6-42E7-829C-CB37AA71F6EC}
	EndGlobalSection
EndGlobal
