
Microsoft Visual Studio Solution File, Format Version 12.00
# Visual Studio Version 16
VisualStudioVersion = 16.0.29201.188
MinimumVisualStudioVersion = 10.0.40219.1
Project("{FAE04EC0-301F-11D3-BF4B-00C04F79EFBC}") = "20210930_2", "20210930_2\20210930_2.csproj", "{346D5A56-B20C-4A16-B509-65A88FAFCC88}"
EndProject
Global
	GlobalSection(SolutionConfigurationPlatforms) = preSolution
		Debug|Any CPU = Debug|Any CPU
		Release|Any CPU = Release|Any CPU
	EndGlobalSection
	GlobalSection(ProjectConfigurationPlatforms) = postSolution
		{346D5A56-B20C-4A16-B509-65A88FAFCC88}.Debug|Any CPU.ActiveCfg = Debug|Any CPU
		{346D5A56-B20C-4A16-B509-65A88FAFCC88}.Debug|Any CPU.Build.0 = Debug|Any CPU
		{346D5A56-B20C-4A16-B509-65A88FAFCC88}.Release|Any CPU.ActiveCfg = Release|Any CPU
		{346D5A56-B20C-4A16-B509-65A88FAFCC88}.Release|Any CPU.Build.0 = Release|Any CPU
	EndGlobalSection
	GlobalSection(SolutionProperties) = preSolution
		HideSolutionNode = FALSE
	EndGlobalSection
	GlobalSection(ExtensibilityGlobals) = postSolution
		SolutionGuid = {E1AB122F-3761-4AEA-82A6-70C80E649486}
	EndGlobalSection
EndGlobal
